# Generated by pub
# See https://dart.dev/tools/pub/glossary#lockfile
packages:
  _flutterfire_internals:
    dependency: transitive
    description:
      name: _flutterfire_internals
      sha256: "9371d13b8ee442e3bfc08a24e3a1b3742c839abbfaf5eef11b79c4b862c89bf7"
      url: "https://pub.dev"
    source: hosted
    version: "1.3.41"
  async:
    dependency: transitive
    description:
      name: async
      sha256: "947bfcf187f74dbc5e146c9eb9c0f10c9f8b30743e341481c1e2ed3ecc18c20c"
      url: "https://pub.dev"
    source: hosted
    version: "2.11.0"
  boolean_selector:
    dependency: transitive
    description:
      name: boolean_selector
      sha256: "6cfb5af12253eaf2b368f07bacc5a80d1301a071c73360d746b7f2e32d762c66"
      url: "https://pub.dev"
    source: hosted
    version: "2.1.1"
  characters:
    dependency: transitive
    description:
      name: characters
      sha256: "04a925763edad70e8443c99234dc3328f442e811f1d8fd1a72f1c8ad0f69a605"
      url: "https://pub.dev"
    source: hosted
    version: "1.3.0"
  clock:
    dependency: transitive
    description:
      name: clock
      sha256: cb6d7f03e1de671e34607e909a7213e31d7752be4fb66a86d29fe1eb14bfb5cf
      url: "https://pub.dev"
    source: hosted
    version: "1.1.1"
  cloud_firestore:
    dependency: "direct main"
    description:
      name: cloud_firestore
      sha256: "0af4f1e0b7f82a2082ad2c886b042595d85c7641616688609dd999d33aeef850"
      url: "https://pub.dev"
    source: hosted
    version: "5.4.0"
  cloud_firestore_platform_interface:
    dependency: transitive
    description:
      name: cloud_firestore_platform_interface
      sha256: "6e82bcaf2b8e33f312dfc7c5e5855376fee538467dd6e58dc41bd13996ff5d64"
      url: "https://pub.dev"
    source: hosted
    version: "6.4.0"
  cloud_firestore_web:
    dependency: transitive
    description:
      name: cloud_firestore_web
      sha256: "38aec6ed732980dea6eec192a25fb55665137edc5c356603d8dc26ff5971f4d8"
      url: "https://pub.dev"
    source: hosted
    version: "4.2.0"
  cloud_functions:
    dependency: "direct main"
    description:
      name: cloud_functions
      sha256: aae10a494476c2027a11c347b7ab5bbddcd4b24072645e2fad2f344d99aaadff
      url: "https://pub.dev"
    source: hosted
    version: "5.1.0"
  cloud_functions_platform_interface:
    dependency: transitive
    description:
      name: cloud_functions_platform_interface
      sha256: "55af599345b75626ada89d368654b8dc876149b3cd74c01c4aae414548f8619f"
      url: "https://pub.dev"
    source: hosted
    version: "5.5.34"
  cloud_functions_web:
    dependency: transitive
    description:
      name: cloud_functions_web
      sha256: de7ee9434d8dfd456ceeede21a5bc444eb5e328ecc3b87d52fd19e04573b12ef
      url: "https://pub.dev"
    source: hosted
    version: "4.9.12"
  collection:
    dependency: transitive
    description:
      name: collection
      sha256: ee67cb0715911d28db6bf4af1026078bd6f0128b07a5f66fb2ed94ec6783c09a
      url: "https://pub.dev"
    source: hosted
    version: "1.18.0"
  cross_file:
    dependency: transitive
    description:
      name: cross_file
      sha256: "7caf6a750a0c04effbb52a676dce9a4a592e10ad35c34d6d2d0e4811160d5670"
      url: "https://pub.dev"
    source: hosted
    version: "0.3.4+2"
  cupertino_icons:
    dependency: "direct main"
    description:
      name: cupertino_icons
      sha256: ba631d1c7f7bef6b729a622b7b752645a2d076dba9976925b8f25725a30e1ee6
      url: "https://pub.dev"
    source: hosted
    version: "1.0.8"
  dio:
    dependency: "direct main"
    description:
      name: dio
      sha256: "5598aa796bbf4699afd5c67c0f5f6e2ed542afc956884b9cd58c306966efc260"
      url: "https://pub.dev"
    source: hosted
    version: "5.7.0"
  dio_web_adapter:
    dependency: transitive
    description:
      name: dio_web_adapter
      sha256: "33259a9276d6cea88774a0000cfae0d861003497755969c92faa223108620dc8"
      url: "https://pub.dev"
    source: hosted
    version: "2.0.0"
  fake_async:
    dependency: transitive
    description:
      name: fake_async
      sha256: "511392330127add0b769b75a987850d136345d9227c6b94c96a04cf4a391bf78"
      url: "https://pub.dev"
    source: hosted
    version: "1.3.1"
  file_selector_linux:
    dependency: transitive
    description:
      name: file_selector_linux
      sha256: "045d372bf19b02aeb69cacf8b4009555fb5f6f0b7ad8016e5f46dd1387ddd492"
      url: "https://pub.dev"
    source: hosted
    version: "0.9.2+1"
  file_selector_macos:
    dependency: transitive
    description:
      name: file_selector_macos
      sha256: f42eacb83b318e183b1ae24eead1373ab1334084404c8c16e0354f9a3e55d385
      url: "https://pub.dev"
    source: hosted
    version: "0.9.4"
  file_selector_platform_interface:
    dependency: transitive
    description:
      name: file_selector_platform_interface
      sha256: a3994c26f10378a039faa11de174d7b78eb8f79e4dd0af2a451410c1a5c3f66b
      url: "https://pub.dev"
    source: hosted
    version: "2.6.2"
  file_selector_windows:
    dependency: transitive
    description:
      name: file_selector_windows
      sha256: "2ad726953f6e8affbc4df8dc78b77c3b4a060967a291e528ef72ae846c60fb69"
      url: "https://pub.dev"
    source: hosted
    version: "0.9.3+2"
  firebase_analytics:
    dependency: "direct main"
    description:
      name: firebase_analytics
      sha256: "7e032ade38dec2a92f543ba02c5f72f54ffaa095c60d2132b867eab56de3bc73"
      url: "https://pub.dev"
    source: hosted
    version: "11.3.0"
  firebase_analytics_platform_interface:
    dependency: transitive
    description:
      name: firebase_analytics_platform_interface
      sha256: b62a2444767d95067a7e36b1d6e335e0b877968574bbbfb656168c46f2e95a13
      url: "https://pub.dev"
    source: hosted
    version: "4.2.2"
  firebase_analytics_web:
    dependency: transitive
    description:
      name: firebase_analytics_web
      sha256: bad44f71f96cfca6c16c9dd4f70b85f123ddca7d5dd698977449fadf298b1782
      url: "https://pub.dev"
    source: hosted
    version: "0.5.9+2"
  firebase_app_check:
    dependency: "direct main"
    description:
      name: firebase_app_check
      sha256: a523507988614a0a73a171a151bde91ece403bc8bc061c18b0d09bf19866bb4c
      url: "https://pub.dev"
    source: hosted
    version: "0.3.1"
  firebase_app_check_platform_interface:
    dependency: transitive
    description:
      name: firebase_app_check_platform_interface
      sha256: "243232c27a498a2cf3980d6b51ac9687a3a8a87ec2a9c657c199b0602795c3b6"
      url: "https://pub.dev"
    source: hosted
    version: "0.1.0+35"
  firebase_app_check_web:
    dependency: transitive
    description:
      name: firebase_app_check_web
      sha256: "489688f4f465136997dfabb08eb900af42ce7b45649b5ac00969d1b6a80ec451"
      url: "https://pub.dev"
    source: hosted
    version: "0.1.2+13"
  firebase_auth:
    dependency: "direct main"
    description:
      name: firebase_auth
      sha256: "6f5792bdc208416bfdfbfe3363b78ce01667b6ebc4c5cb47cfa891f2fca45ab7"
      url: "https://pub.dev"
    source: hosted
    version: "5.2.0"
  firebase_auth_platform_interface:
    dependency: transitive
    description:
      name: firebase_auth_platform_interface
      sha256: "80237bb8a92bb0a5e3b40de1c8dbc80254e49ac9e3907b4b47b8e95ac3dd3fad"
      url: "https://pub.dev"
    source: hosted
    version: "7.4.4"
  firebase_auth_web:
    dependency: transitive
    description:
      name: firebase_auth_web
      sha256: "9d315491a6be65ea83511cb0e078544a309c39dd54c0ee355c51dbd6d8c03cc8"
      url: "https://pub.dev"
    source: hosted
    version: "5.12.6"
  firebase_core:
    dependency: "direct main"
    description:
      name: firebase_core
      sha256: "06537da27db981947fa535bb91ca120b4e9cb59cb87278dbdde718558cafc9ff"
      url: "https://pub.dev"
    source: hosted
    version: "3.4.0"
  firebase_core_platform_interface:
    dependency: transitive
    description:
      name: firebase_core_platform_interface
      sha256: f7d7180c7f99babd4b4c517754d41a09a4943a0f7a69b65c894ca5c68ba66315
      url: "https://pub.dev"
    source: hosted
    version: "5.2.1"
  firebase_core_web:
    dependency: transitive
    description:
      name: firebase_core_web
      sha256: "362e52457ed2b7b180964769c1e04d1e0ea0259fdf7025fdfedd019d4ae2bd88"
      url: "https://pub.dev"
    source: hosted
    version: "2.17.5"
  firebase_crashlytics:
    dependency: "direct main"
    description:
      name: firebase_crashlytics
      sha256: "4c9872020c0d97a161362ee6af7000cfdb8666234ddc290a15252ad379bb235a"
      url: "https://pub.dev"
    source: hosted
    version: "4.1.0"
  firebase_crashlytics_platform_interface:
    dependency: transitive
    description:
      name: firebase_crashlytics_platform_interface
      sha256: ede8a199ff03378857d3c8cbb7fa58d37c27bb5a6b75faf8415ff6925dcaae2a
      url: "https://pub.dev"
    source: hosted
    version: "3.6.41"
  firebase_remote_config:
    dependency: "direct main"
    description:
      name: firebase_remote_config
      sha256: b5c23fb7f5b8fd2338f512587a8d2714b5b81dc02508a1c16163c51c1aa41991
      url: "https://pub.dev"
    source: hosted
    version: "5.1.0"
  firebase_remote_config_platform_interface:
    dependency: transitive
    description:
      name: firebase_remote_config_platform_interface
      sha256: "127ebc8b7c905d211396cab3b0984e4436c6350400805d196607043b8984d09c"
      url: "https://pub.dev"
    source: hosted
    version: "1.4.41"
  firebase_remote_config_web:
    dependency: transitive
    description:
      name: firebase_remote_config_web
      sha256: "29dbff195c6225f957af541d325426f1697710ac36d169431c95bc92d985f4d2"
      url: "https://pub.dev"
    source: hosted
    version: "1.6.13"
  firebase_storage:
    dependency: "direct main"
    description:
      name: firebase_storage
      sha256: dfc06d783dbc0b6200a4b936d8cdbd826bd1571c959854d14a70259188d96e85
      url: "https://pub.dev"
    source: hosted
    version: "12.2.0"
  firebase_storage_platform_interface:
    dependency: transitive
    description:
      name: firebase_storage_platform_interface
      sha256: "3da511301b77514dee5370281923fbbc6d5725c2a0b96004c5c45415e067f234"
      url: "https://pub.dev"
    source: hosted
    version: "5.1.28"
  firebase_storage_web:
    dependency: transitive
    description:
      name: firebase_storage_web
      sha256: "7ad67b1c1c46c995a6bd4f225d240fc9a5fb277fade583631ae38750ffd9be17"
      url: "https://pub.dev"
    source: hosted
    version: "3.9.13"
  flutter:
    dependency: "direct main"
    description: flutter
    source: sdk
    version: "0.0.0"
  flutter_lints:
    dependency: "direct dev"
    description:
      name: flutter_lints
      sha256: "9e8c3858111da373efc5aa341de011d9bd23e2c5c5e0c62bccf32438e192d7b1"
      url: "https://pub.dev"
    source: hosted
    version: "3.0.2"
  flutter_plugin_android_lifecycle:
    dependency: transitive
    description:
      name: flutter_plugin_android_lifecycle
      sha256: "9ee02950848f61c4129af3d6ec84a1cfc0e47931abc746b03e7a3bc3e8ff6eda"
      url: "https://pub.dev"
    source: hosted
    version: "2.0.22"
  flutter_test:
    dependency: "direct dev"
    description: flutter
    source: sdk
    version: "0.0.0"
  flutter_web_plugins:
    dependency: transitive
    description: flutter
    source: sdk
    version: "0.0.0"
  http:
    dependency: transitive
    description:
      name: http
      sha256: b9c29a161230ee03d3ccf545097fccd9b87a5264228c5d348202e0f0c28f9010
      url: "https://pub.dev"
    source: hosted
    version: "1.2.2"
  http_parser:
    dependency: transitive
    description:
      name: http_parser
      sha256: "2aa08ce0341cc9b354a498388e30986515406668dbcc4f7c950c3e715496693b"
      url: "https://pub.dev"
    source: hosted
    version: "4.0.2"
  image_picker:
    dependency: "direct main"
    description:
      name: image_picker
      sha256: "021834d9c0c3de46bf0fe40341fa07168407f694d9b2bb18d532dc1261867f7a"
      url: "https://pub.dev"
    source: hosted
    version: "1.1.2"
  image_picker_android:
    dependency: transitive
    description:
      name: image_picker_android
      sha256: c0a6763d50b354793d0192afd0a12560b823147d3ded7c6b77daf658fa05cc85
      url: "https://pub.dev"
    source: hosted
    version: "0.8.12+13"
  image_picker_for_web:
    dependency: transitive
    description:
      name: image_picker_for_web
      sha256: "65d94623e15372c5c51bebbcb820848d7bcb323836e12dfdba60b5d3a8b39e50"
      url: "https://pub.dev"
    source: hosted
    version: "3.0.5"
  image_picker_ios:
    dependency: transitive
    description:
      name: image_picker_ios
      sha256: "6703696ad49f5c3c8356d576d7ace84d1faf459afb07accbb0fae780753ff447"
      url: "https://pub.dev"
    source: hosted
    version: "0.8.12"
  image_picker_linux:
    dependency: transitive
    description:
      name: image_picker_linux
      sha256: "4ed1d9bb36f7cd60aa6e6cd479779cc56a4cb4e4de8f49d487b1aaad831300fa"
      url: "https://pub.dev"
    source: hosted
    version: "0.2.1+1"
  image_picker_macos:
    dependency: transitive
    description:
      name: image_picker_macos
      sha256: "3f5ad1e8112a9a6111c46d0b57a7be2286a9a07fc6e1976fdf5be2bd31d4ff62"
      url: "https://pub.dev"
    source: hosted
    version: "0.2.1+1"
  image_picker_platform_interface:
    dependency: transitive
    description:
      name: image_picker_platform_interface
      sha256: "9ec26d410ff46f483c5519c29c02ef0e02e13a543f882b152d4bfd2f06802f80"
      url: "https://pub.dev"
    source: hosted
    version: "2.10.0"
  image_picker_windows:
    dependency: transitive
    description:
      name: image_picker_windows
      sha256: "6ad07afc4eb1bc25f3a01084d28520496c4a3bb0cb13685435838167c9dcedeb"
      url: "https://pub.dev"
    source: hosted
    version: "0.2.1+1"
  intl:
    dependency: "direct main"
    description:
      name: intl
      sha256: d6f56758b7d3014a48af9701c085700aac781a92a87a62b1333b46d8879661cf
      url: "https://pub.dev"
    source: hosted
    version: "0.19.0"
  leak_tracker:
    dependency: transitive
    description:
      name: leak_tracker
      sha256: "3f87a60e8c63aecc975dda1ceedbc8f24de75f09e4856ea27daf8958f2f0ce05"
      url: "https://pub.dev"
    source: hosted
    version: "10.0.5"
  leak_tracker_flutter_testing:
    dependency: transitive
    description:
      name: leak_tracker_flutter_testing
      sha256: "932549fb305594d82d7183ecd9fa93463e9914e1b67cacc34bc40906594a1806"
      url: "https://pub.dev"
    source: hosted
    version: "3.0.5"
  leak_tracker_testing:
    dependency: transitive
    description:
      name: leak_tracker_testing
      sha256: "6ba465d5d76e67ddf503e1161d1f4a6bc42306f9d66ca1e8f079a47290fb06d3"
      url: "https://pub.dev"
    source: hosted
    version: "3.0.1"
  lints:
    dependency: transitive
    description:
      name: lints
      sha256: cbf8d4b858bb0134ef3ef87841abdf8d63bfc255c266b7bf6b39daa1085c4290
      url: "https://pub.dev"
    source: hosted
    version: "3.0.0"
  matcher:
    dependency: transitive
    description:
      name: matcher
      sha256: d2323aa2060500f906aa31a895b4030b6da3ebdcc5619d14ce1aada65cd161cb
      url: "https://pub.dev"
    source: hosted
    version: "0.12.16+1"
  material_color_utilities:
    dependency: transitive
    description:
      name: material_color_utilities
      sha256: f7142bb1154231d7ea5f96bc7bde4bda2a0945d2806bb11670e30b850d56bdec
      url: "https://pub.dev"
    source: hosted
    version: "0.11.1"
  meta:
    dependency: transitive
    description:
      name: meta
      sha256: bdb68674043280c3428e9ec998512fb681678676b3c54e773629ffe74419f8c7
      url: "https://pub.dev"
    source: hosted
    version: "1.15.0"
  mime:
    dependency: transitive
    description:
      name: mime
      sha256: "801fd0b26f14a4a58ccb09d5892c3fbdeff209594300a542492cf13fba9d247a"
      url: "https://pub.dev"
    source: hosted
    version: "1.0.6"
  path:
    dependency: transitive
    description:
      name: path
      sha256: "087ce49c3f0dc39180befefc60fdb4acd8f8620e5682fe2476afd0b3688bb4af"
      url: "https://pub.dev"
    source: hosted
    version: "1.9.0"
  plugin_platform_interface:
    dependency: transitive
    description:
      name: plugin_platform_interface
      sha256: "4820fbfdb9478b1ebae27888254d445073732dae3d6ea81f0b7e06d5dedc3f02"
      url: "https://pub.dev"
    source: hosted
    version: "2.1.8"
  sky_engine:
    dependency: transitive
    description: flutter
    source: sdk
    version: "0.0.99"
  source_span:
    dependency: transitive
    description:
      name: source_span
      sha256: "53e943d4206a5e30df338fd4c6e7a077e02254531b138a15aec3bd143c1a8b3c"
      url: "https://pub.dev"
    source: hosted
    version: "1.10.0"
  stack_trace:
    dependency: transitive
    description:
      name: stack_trace
      sha256: "73713990125a6d93122541237550ee3352a2d84baad52d375a4cad2eb9b7ce0b"
      url: "https://pub.dev"
    source: hosted
    version: "1.11.1"
  stream_channel:
    dependency: transitive
    description:
      name: stream_channel
      sha256: ba2aa5d8cc609d96bbb2899c28934f9e1af5cddbd60a827822ea467161eb54e7
      url: "https://pub.dev"
    source: hosted
    version: "2.1.2"
  string_scanner:
    dependency: transitive
    description:
      name: string_scanner
      sha256: "556692adab6cfa87322a115640c11f13cb77b3f076ddcc5d6ae3c20242bedcde"
      url: "https://pub.dev"
    source: hosted
    version: "1.2.0"
  term_glyph:
    dependency: transitive
    description:
      name: term_glyph
      sha256: a29248a84fbb7c79282b40b8c72a1209db169a2e0542bce341da992fe1bc7e84
      url: "https://pub.dev"
    source: hosted
    version: "1.2.1"
  test_api:
    dependency: transitive
    description:
      name: test_api
      sha256: "5b8a98dafc4d5c4c9c72d8b31ab2b23fc13422348d2997120294d3bac86b4ddb"
      url: "https://pub.dev"
    source: hosted
    version: "0.7.2"
  typed_data:
    dependency: transitive
    description:
      name: typed_data
      sha256: facc8d6582f16042dd49f2463ff1bd6e2c9ef9f3d5da3d9b087e244a7b564b3c
      url: "https://pub.dev"
    source: hosted
    version: "1.3.2"
  url_launcher:
    dependency: "direct main"
    description:
      name: url_launcher
      sha256: "21b704ce5fa560ea9f3b525b43601c678728ba46725bab9b01187b4831377ed3"
      url: "https://pub.dev"
    source: hosted
    version: "6.3.0"
  url_launcher_android:
    dependency: transitive
    description:
      name: url_launcher_android
      sha256: e35a698ac302dd68e41f73250bd9517fe3ab5fa4f18fe4647a0872db61bacbab
      url: "https://pub.dev"
    source: hosted
    version: "6.3.10"
  url_launcher_ios:
    dependency: transitive
    description:
      name: url_launcher_ios
      sha256: e43b677296fadce447e987a2f519dcf5f6d1e527dc35d01ffab4fff5b8a7063e
      url: "https://pub.dev"
    source: hosted
    version: "6.3.1"
  url_launcher_linux:
    dependency: transitive
    description:
      name: url_launcher_linux
      sha256: e2b9622b4007f97f504cd64c0128309dfb978ae66adbe944125ed9e1750f06af
      url: "https://pub.dev"
    source: hosted
    version: "3.2.0"
  url_launcher_macos:
    dependency: transitive
    description:
      name: url_launcher_macos
      sha256: "9a1a42d5d2d95400c795b2914c36fdcb525870c752569438e4ebb09a2b5d90de"
      url: "https://pub.dev"
    source: hosted
    version: "3.2.0"
  url_launcher_platform_interface:
    dependency: transitive
    description:
      name: url_launcher_platform_interface
      sha256: "552f8a1e663569be95a8190206a38187b531910283c3e982193e4f2733f01029"
      url: "https://pub.dev"
    source: hosted
    version: "2.3.2"
  url_launcher_web:
    dependency: transitive
    description:
      name: url_launcher_web
      sha256: "772638d3b34c779ede05ba3d38af34657a05ac55b06279ea6edd409e323dca8e"
      url: "https://pub.dev"
    source: hosted
    version: "2.3.3"
  url_launcher_windows:
    dependency: transitive
    description:
      name: url_launcher_windows
      sha256: "49c10f879746271804767cb45551ec5592cdab00ee105c06dddde1a98f73b185"
      url: "https://pub.dev"
    source: hosted
    version: "3.1.2"
  vector_math:
    dependency: transitive
    description:
      name: vector_math
      sha256: "80b3257d1492ce4d091729e3a67a60407d227c27241d6927be0130c98e741803"
      url: "https://pub.dev"
    source: hosted
    version: "2.1.4"
  vm_service:
    dependency: transitive
    description:
      name: vm_service
      sha256: f652077d0bdf60abe4c1f6377448e8655008eef28f128bc023f7b5e8dfeb48fc
      url: "https://pub.dev"
    source: hosted
    version: "14.2.4"
  web:
    dependency: transitive
    description:
      name: web
      sha256: "97da13628db363c635202ad97068d47c5b8aa555808e7a9411963c533b449b27"
      url: "https://pub.dev"
    source: hosted
    version: "0.5.1"
sdks:
  dart: ">=3.5.0 <4.0.0"
  flutter: ">=3.24.0"
